
Microsoft Visual Studio Solution File, Format Version 12.00
# Visual Studio 15
VisualStudioVersion = 15.0.28307.1321
MinimumVisualStudioVersion = 10.0.40219.1
Project("{FAE04EC0-301F-11D3-BF4B-00C04F79EFBC}") = "GCOL", "GCOL\GCOL.csproj", "{1667B40D-FD9E-4741-B5F1-0E1B9FFA71DD}"
EndProject
Global
	GlobalSection(SolutionConfigurationPlatforms) = preSolution
		Debug|Any CPU = Debug|Any CPU
		Release|Any CPU = Release|Any CPU
	EndGlobalSection
	GlobalSection(ProjectConfigurationPlatforms) = postSolution
		{1667B40D-FD9E-4741-B5F1-0E1B9FFA71DD}.Debug|Any CPU.ActiveCfg = Debug|Any CPU
		{1667B40D-FD9E-4741-B5F1-0E1B9FFA71DD}.Debug|Any CPU.Build.0 = Debug|Any CPU
		{1667B40D-FD9E-4741-B5F1-0E1B9FFA71DD}.Release|Any CPU.ActiveCfg = Release|Any CPU
		{1667B40D-FD9E-4741-B5F1-0E1B9FFA71DD}.Release|Any CPU.Build.0 = Release|Any CPU
	EndGlobalSection
	GlobalSection(SolutionProperties) = preSolution
		HideSolutionNode = FALSE
	EndGlobalSection
	GlobalSection(ExtensibilityGlobals) = postSolution
		SolutionGuid = {2EE5BD4E-3925-4226-B855-72A3A72E417B}
	EndGlobalSection
EndGlobal
